
Microsoft Visual Studio Solution File, Format Version 12.00
# Visual Studio 15
VisualStudioVersion = 15.0.26730.3
MinimumVisualStudioVersion = 10.0.40219.1
Project("{2150E333-8FDC-42A3-9474-1A3956D46DE8}") = "src", "src", "{61991BD8-75D2-4521-BA08-D0A1C4484427}"
EndProject
Project("{FAE04EC0-301F-11D3-BF4B-00C04F79EFBC}") = "Sino.NLog.Redis", "src\Sino.NLog.Redis\Sino.NLog.Redis.csproj", "{1FE92E9C-DD97-419C-8C07-671A10D18300}"
EndProject
Project("{2150E333-8FDC-42A3-9474-1A3956D46DE8}") = "test", "test", "{9987B75C-F98E-4025-8F92-423FEC0464B0}"
EndProject
Project("{FAE04EC0-301F-11D3-BF4B-00C04F79EFBC}") = "TestApp", "test\TestApp\TestApp.csproj", "{1CB7D47A-3690-4DCD-B6EA-913B4C38A766}"
EndProject
Project("{2150E333-8FDC-42A3-9474-1A3956D46DE8}") = "global", "global", "{1FB778CF-73EE-4859-A09B-BFB7F28B7961}"
	ProjectSection(SolutionItems) = preProject
		README.md = README.md
	EndProjectSection
EndProject
Global
	GlobalSection(SolutionConfigurationPlatforms) = preSolution
		Debug|Any CPU = Debug|Any CPU
		Release|Any CPU = Release|Any CPU
	EndGlobalSection
	GlobalSection(ProjectConfigurationPlatforms) = postSolution
		{1FE92E9C-DD97-419C-8C07-671A10D18300}.Debug|Any CPU.ActiveCfg = Debug|Any CPU
		{1FE92E9C-DD97-419C-8C07-671A10D18300}.Debug|Any CPU.Build.0 = Debug|Any CPU
		{1FE92E9C-DD97-419C-8C07-671A10D18300}.Release|Any CPU.ActiveCfg = Release|Any CPU
		{1FE92E9C-DD97-419C-8C07-671A10D18300}.Release|Any CPU.Build.0 = Release|Any CPU
		{1CB7D47A-3690-4DCD-B6EA-913B4C38A766}.Debug|Any CPU.ActiveCfg = Debug|Any CPU
		{1CB7D47A-3690-4DCD-B6EA-913B4C38A766}.Debug|Any CPU.Build.0 = Debug|Any CPU
		{1CB7D47A-3690-4DCD-B6EA-913B4C38A766}.Release|Any CPU.ActiveCfg = Release|Any CPU
		{1CB7D47A-3690-4DCD-B6EA-913B4C38A766}.Release|Any CPU.Build.0 = Release|Any CPU
	EndGlobalSection
	GlobalSection(SolutionProperties) = preSolution
		HideSolutionNode = FALSE
	EndGlobalSection
	GlobalSection(NestedProjects) = preSolution
		{1FE92E9C-DD97-419C-8C07-671A10D18300} = {61991BD8-75D2-4521-BA08-D0A1C4484427}
		{1CB7D47A-3690-4DCD-B6EA-913B4C38A766} = {9987B75C-F98E-4025-8F92-423FEC0464B0}
	EndGlobalSection
	GlobalSection(ExtensibilityGlobals) = postSolution
		SolutionGuid = {0C78A779-0DB6-4478-804A-7A78DD71373B}
	EndGlobalSection
EndGlobal
